
Microsoft Visual Studio Solution File, Format Version 12.00
# Visual Studio Version 17
VisualStudioVersion = 17.1.32210.238
MinimumVisualStudioVersion = 10.0.40219.1
Project("{FAE04EC0-301F-11D3-BF4B-00C04F79EFBC}") = "UpperSentence", "UpperSentence\UpperSentence.csproj", "{4D8B86C3-2F4E-433B-8DE9-8BEBE7C09CC2}"
EndProject
Global
	GlobalSection(SolutionConfigurationPlatforms) = preSolution
		Debug|Any CPU = Debug|Any CPU
		Release|Any CPU = Release|Any CPU
	EndGlobalSection
	GlobalSection(ProjectConfigurationPlatforms) = postSolution
		{4D8B86C3-2F4E-433B-8DE9-8BEBE7C09CC2}.Debug|Any CPU.ActiveCfg = Debug|Any CPU
		{4D8B86C3-2F4E-433B-8DE9-8BEBE7C09CC2}.Debug|Any CPU.Build.0 = Debug|Any CPU
		{4D8B86C3-2F4E-433B-8DE9-8BEBE7C09CC2}.Release|Any CPU.ActiveCfg = Release|Any CPU
		{4D8B86C3-2F4E-433B-8DE9-8BEBE7C09CC2}.Release|Any CPU.Build.0 = Release|Any CPU
	EndGlobalSection
	GlobalSection(SolutionProperties) = preSolution
		HideSolutionNode = FALSE
	EndGlobalSection
	GlobalSection(ExtensibilityGlobals) = postSolution
		SolutionGuid = {929EF665-90E4-42C4-9B08-F6C68D6C3DB5}
	EndGlobalSection
EndGlobal
